
Microsoft Visual Studio Solution File, Format Version 12.00
# Visual Studio Version 17
VisualStudioVersion = 17.0.31611.283
MinimumVisualStudioVersion = 10.0.40219.1
Project("{9A19103F-16F7-4668-BE54-9A1E7A4F7556}") = "NoteApp.Maui", "NoteApp.Maui\NoteApp.Maui.csproj", "{03CCEA09-AA93-415A-927C-944E0729B876}"
EndProject
Project("{9A19103F-16F7-4668-BE54-9A1E7A4F7556}") = "NoteApp.Shared", "..\NoteApp.Shared\NoteApp.Shared.csproj", "{D5B26CC8-4BD7-4E6E-95EE-FB135C8FB1C3}"
EndProject
Project("{FAE04EC0-301F-11D3-BF4B-00C04F79EFBC}") = "NoteApp.Access", "..\NoteApp.Access\NoteApp.Access.csproj", "{EC1CE1EA-A0D0-4240-97BC-60F8ECFDC2CF}"
EndProject
Global
	GlobalSection(SolutionConfigurationPlatforms) = preSolution
		Debug|Any CPU = Debug|Any CPU
		Release|Any CPU = Release|Any CPU
		Servidor2|Any CPU = Servidor2|Any CPU
	EndGlobalSection
	GlobalSection(ProjectConfigurationPlatforms) = postSolution
		{03CCEA09-AA93-415A-927C-944E0729B876}.Debug|Any CPU.ActiveCfg = Debug|Any CPU
		{03CCEA09-AA93-415A-927C-944E0729B876}.Debug|Any CPU.Build.0 = Debug|Any CPU
		{03CCEA09-AA93-415A-927C-944E0729B876}.Debug|Any CPU.Deploy.0 = Debug|Any CPU
		{03CCEA09-AA93-415A-927C-944E0729B876}.Release|Any CPU.ActiveCfg = Release|Any CPU
		{03CCEA09-AA93-415A-927C-944E0729B876}.Release|Any CPU.Build.0 = Release|Any CPU
		{03CCEA09-AA93-415A-927C-944E0729B876}.Release|Any CPU.Deploy.0 = Release|Any CPU
		{03CCEA09-AA93-415A-927C-944E0729B876}.Servidor2|Any CPU.ActiveCfg = Release|Any CPU
		{03CCEA09-AA93-415A-927C-944E0729B876}.Servidor2|Any CPU.Build.0 = Release|Any CPU
		{03CCEA09-AA93-415A-927C-944E0729B876}.Servidor2|Any CPU.Deploy.0 = Release|Any CPU
		{D5B26CC8-4BD7-4E6E-95EE-FB135C8FB1C3}.Debug|Any CPU.ActiveCfg = Debug|Any CPU
		{D5B26CC8-4BD7-4E6E-95EE-FB135C8FB1C3}.Debug|Any CPU.Build.0 = Debug|Any CPU
		{D5B26CC8-4BD7-4E6E-95EE-FB135C8FB1C3}.Release|Any CPU.ActiveCfg = Release|Any CPU
		{D5B26CC8-4BD7-4E6E-95EE-FB135C8FB1C3}.Release|Any CPU.Build.0 = Release|Any CPU
		{D5B26CC8-4BD7-4E6E-95EE-FB135C8FB1C3}.Servidor2|Any CPU.ActiveCfg = Servidor2|Any CPU
		{D5B26CC8-4BD7-4E6E-95EE-FB135C8FB1C3}.Servidor2|Any CPU.Build.0 = Servidor2|Any CPU
		{EC1CE1EA-A0D0-4240-97BC-60F8ECFDC2CF}.Debug|Any CPU.ActiveCfg = Debug|Any CPU
		{EC1CE1EA-A0D0-4240-97BC-60F8ECFDC2CF}.Debug|Any CPU.Build.0 = Debug|Any CPU
		{EC1CE1EA-A0D0-4240-97BC-60F8ECFDC2CF}.Release|Any CPU.ActiveCfg = Release|Any CPU
		{EC1CE1EA-A0D0-4240-97BC-60F8ECFDC2CF}.Release|Any CPU.Build.0 = Release|Any CPU
		{EC1CE1EA-A0D0-4240-97BC-60F8ECFDC2CF}.Servidor2|Any CPU.ActiveCfg = Debug|Any CPU
		{EC1CE1EA-A0D0-4240-97BC-60F8ECFDC2CF}.Servidor2|Any CPU.Build.0 = Debug|Any CPU
	EndGlobalSection
	GlobalSection(SolutionProperties) = preSolution
		HideSolutionNode = FALSE
	EndGlobalSection
	GlobalSection(ExtensibilityGlobals) = postSolution
		SolutionGuid = {61F7FB11-1E47-470C-91E2-47F8143E1572}
	EndGlobalSection
EndGlobal
